
Microsoft Visual Studio Solution File, Format Version 12.00
# Visual Studio Version 16
VisualStudioVersion = 16.0.29418.71
MinimumVisualStudioVersion = 10.0.40219.1
Project("{9A19103F-16F7-4668-BE54-9A1E7A4F7556}") = "SKINET-API", "SKINET-API\SKINET-API.csproj", "{BAF37736-390E-4CE2-B758-DE38AE275FD6}"
EndProject
Project("{9A19103F-16F7-4668-BE54-9A1E7A4F7556}") = "Core", "Core\Core.csproj", "{459283F0-2F35-4230-ACA9-2E307A787D69}"
EndProject
Project("{9A19103F-16F7-4668-BE54-9A1E7A4F7556}") = "Infrastructure", "Infrastructure\Infrastructure.csproj", "{903575AD-307A-47E4-BB24-E8CEE51B8F58}"
EndProject
Global
	GlobalSection(SolutionConfigurationPlatforms) = preSolution
		Debug|Any CPU = Debug|Any CPU
		Release|Any CPU = Release|Any CPU
	EndGlobalSection
	GlobalSection(ProjectConfigurationPlatforms) = postSolution
		{BAF37736-390E-4CE2-B758-DE38AE275FD6}.Debug|Any CPU.ActiveCfg = Debug|Any CPU
		{BAF37736-390E-4CE2-B758-DE38AE275FD6}.Debug|Any CPU.Build.0 = Debug|Any CPU
		{BAF37736-390E-4CE2-B758-DE38AE275FD6}.Release|Any CPU.ActiveCfg = Release|Any CPU
		{BAF37736-390E-4CE2-B758-DE38AE275FD6}.Release|Any CPU.Build.0 = Release|Any CPU
		{459283F0-2F35-4230-ACA9-2E307A787D69}.Debug|Any CPU.ActiveCfg = Debug|Any CPU
		{459283F0-2F35-4230-ACA9-2E307A787D69}.Debug|Any CPU.Build.0 = Debug|Any CPU
		{459283F0-2F35-4230-ACA9-2E307A787D69}.Release|Any CPU.ActiveCfg = Release|Any CPU
		{459283F0-2F35-4230-ACA9-2E307A787D69}.Release|Any CPU.Build.0 = Release|Any CPU
		{903575AD-307A-47E4-BB24-E8CEE51B8F58}.Debug|Any CPU.ActiveCfg = Debug|Any CPU
		{903575AD-307A-47E4-BB24-E8CEE51B8F58}.Debug|Any CPU.Build.0 = Debug|Any CPU
		{903575AD-307A-47E4-BB24-E8CEE51B8F58}.Release|Any CPU.ActiveCfg = Release|Any CPU
		{903575AD-307A-47E4-BB24-E8CEE51B8F58}.Release|Any CPU.Build.0 = Release|Any CPU
	EndGlobalSection
	GlobalSection(SolutionProperties) = preSolution
		HideSolutionNode = FALSE
	EndGlobalSection
	GlobalSection(ExtensibilityGlobals) = postSolution
		SolutionGuid = {EB1C94CC-46C1-4220-A253-580C007D8039}
	EndGlobalSection
EndGlobal
